
Microsoft Visual Studio Solution File, Format Version 12.00
# Visual Studio Version 17
VisualStudioVersion = 17.1.32414.318
MinimumVisualStudioVersion = 10.0.40219.1
Project("{FAE04EC0-301F-11D3-BF4B-00C04F79EFBC}") = "HangfireApp.Web", "HangfireApp.Web\HangfireApp.Web.csproj", "{8B0D79CB-B396-42FC-9028-DA55BC8D160B}"
EndProject
Global
	GlobalSection(SolutionConfigurationPlatforms) = preSolution
		Debug|Any CPU = Debug|Any CPU
		Release|Any CPU = Release|Any CPU
	EndGlobalSection
	GlobalSection(ProjectConfigurationPlatforms) = postSolution
		{8B0D79CB-B396-42FC-9028-DA55BC8D160B}.Debug|Any CPU.ActiveCfg = Debug|Any CPU
		{8B0D79CB-B396-42FC-9028-DA55BC8D160B}.Debug|Any CPU.Build.0 = Debug|Any CPU
		{8B0D79CB-B396-42FC-9028-DA55BC8D160B}.Release|Any CPU.ActiveCfg = Release|Any CPU
		{8B0D79CB-B396-42FC-9028-DA55BC8D160B}.Release|Any CPU.Build.0 = Release|Any CPU
	EndGlobalSection
	GlobalSection(SolutionProperties) = preSolution
		HideSolutionNode = FALSE
	EndGlobalSection
	GlobalSection(ExtensibilityGlobals) = postSolution
		SolutionGuid = {4FDFB475-50DB-4AB6-8D4A-06D575166A69}
	EndGlobalSection
EndGlobal
